
Microsoft Visual Studio Solution File, Format Version 12.00
# Visual Studio Version 17
VisualStudioVersion = 17.7.34202.233
MinimumVisualStudioVersion = 10.0.40219.1
Project("{FAE04EC0-301F-11D3-BF4B-00C04F79EFBC}") = "Gif_animado", "Gif_animado.csproj", "{610D6DDE-71DB-4BA9-ACD4-2CC15C0CB81B}"
EndProject
Global
	GlobalSection(SolutionConfigurationPlatforms) = preSolution
		Debug|Any CPU = Debug|Any CPU
		Release|Any CPU = Release|Any CPU
	EndGlobalSection
	GlobalSection(ProjectConfigurationPlatforms) = postSolution
		{610D6DDE-71DB-4BA9-ACD4-2CC15C0CB81B}.Debug|Any CPU.ActiveCfg = Debug|Any CPU
		{610D6DDE-71DB-4BA9-ACD4-2CC15C0CB81B}.Debug|Any CPU.Build.0 = Debug|Any CPU
		{610D6DDE-71DB-4BA9-ACD4-2CC15C0CB81B}.Release|Any CPU.ActiveCfg = Release|Any CPU
		{610D6DDE-71DB-4BA9-ACD4-2CC15C0CB81B}.Release|Any CPU.Build.0 = Release|Any CPU
	EndGlobalSection
	GlobalSection(SolutionProperties) = preSolution
		HideSolutionNode = FALSE
	EndGlobalSection
	GlobalSection(ExtensibilityGlobals) = postSolution
		SolutionGuid = {A73A700A-1087-4EFE-86E5-FCB9506569ED}
	EndGlobalSection
EndGlobal
