
Microsoft Visual Studio Solution File, Format Version 12.00
# Visual Studio Version 17
VisualStudioVersion = 17.7.34202.233
MinimumVisualStudioVersion = 10.0.40219.1
Project("{FAE04EC0-301F-11D3-BF4B-00C04F79EFBC}") = "Practica 3", "Practica 3.csproj", "{A917F498-A3B9-4916-A866-A54DDCA10160}"
EndProject
Global
	GlobalSection(SolutionConfigurationPlatforms) = preSolution
		Debug|Any CPU = Debug|Any CPU
		Release|Any CPU = Release|Any CPU
	EndGlobalSection
	GlobalSection(ProjectConfigurationPlatforms) = postSolution
		{A917F498-A3B9-4916-A866-A54DDCA10160}.Debug|Any CPU.ActiveCfg = Debug|Any CPU
		{A917F498-A3B9-4916-A866-A54DDCA10160}.Debug|Any CPU.Build.0 = Debug|Any CPU
		{A917F498-A3B9-4916-A866-A54DDCA10160}.Release|Any CPU.ActiveCfg = Release|Any CPU
		{A917F498-A3B9-4916-A866-A54DDCA10160}.Release|Any CPU.Build.0 = Release|Any CPU
	EndGlobalSection
	GlobalSection(SolutionProperties) = preSolution
		HideSolutionNode = FALSE
	EndGlobalSection
	GlobalSection(ExtensibilityGlobals) = postSolution
		SolutionGuid = {B7C463F4-7729-4B42-9C78-06EAA1100C17}
	EndGlobalSection
EndGlobal
